
Microsoft Visual Studio Solution File, Format Version 12.00
# Visual Studio 15
VisualStudioVersion = 15.0.27428.2037
MinimumVisualStudioVersion = 10.0.40219.1
Project("{FAE04EC0-301F-11D3-BF4B-00C04F79EFBC}") = "WindowsForms", "WindowsForms\WindowsForms.csproj", "{4B9AC856-7BF3-414A-82DA-C702D6CADCD1}"
EndProject
Global
	GlobalSection(SolutionConfigurationPlatforms) = preSolution
		Debug|Any CPU = Debug|Any CPU
		Release|Any CPU = Release|Any CPU
	EndGlobalSection
	GlobalSection(ProjectConfigurationPlatforms) = postSolution
		{4B9AC856-7BF3-414A-82DA-C702D6CADCD1}.Debug|Any CPU.ActiveCfg = Debug|Any CPU
		{4B9AC856-7BF3-414A-82DA-C702D6CADCD1}.Debug|Any CPU.Build.0 = Debug|Any CPU
		{4B9AC856-7BF3-414A-82DA-C702D6CADCD1}.Release|Any CPU.ActiveCfg = Release|Any CPU
		{4B9AC856-7BF3-414A-82DA-C702D6CADCD1}.Release|Any CPU.Build.0 = Release|Any CPU
	EndGlobalSection
	GlobalSection(SolutionProperties) = preSolution
		HideSolutionNode = FALSE
	EndGlobalSection
	GlobalSection(ExtensibilityGlobals) = postSolution
		SolutionGuid = {CD733643-06EF-4E3A-BC22-41B37565EA8C}
	EndGlobalSection
EndGlobal
